
Microsoft Visual Studio Solution File, Format Version 12.00
# Visual Studio Version 17
VisualStudioVersion = 17.0.31912.275
MinimumVisualStudioVersion = 10.0.40219.1
Project("{9A19103F-16F7-4668-BE54-9A1E7A4F7556}") = "OsuCommentSubscriber", "OsuCommentSubscriber\OsuCommentSubscriber.csproj", "{80EA0A36-42D5-4847-A020-BA768F1D296C}"
EndProject
Project("{9A19103F-16F7-4668-BE54-9A1E7A4F7556}") = "OsuCommentSubscriber.Twitter", "OsuCommentSubscriber.Twitter\OsuCommentSubscriber.Twitter.csproj", "{36BBA341-8343-475E-8AE9-1087D13764CE}"
EndProject
Project("{2150E333-8FDC-42A3-9474-1A3956D46DE8}") = "Solution Items", "Solution Items", "{BBB7E345-D792-47FE-A1DB-99FEFFB6BDEC}"
	ProjectSection(SolutionItems) = preProject
		.gitignore = .gitignore
	EndProjectSection
EndProject
Global
	GlobalSection(SolutionConfigurationPlatforms) = preSolution
		Debug|Any CPU = Debug|Any CPU
		Release|Any CPU = Release|Any CPU
	EndGlobalSection
	GlobalSection(ProjectConfigurationPlatforms) = postSolution
		{80EA0A36-42D5-4847-A020-BA768F1D296C}.Debug|Any CPU.ActiveCfg = Debug|Any CPU
		{80EA0A36-42D5-4847-A020-BA768F1D296C}.Debug|Any CPU.Build.0 = Debug|Any CPU
		{80EA0A36-42D5-4847-A020-BA768F1D296C}.Release|Any CPU.ActiveCfg = Release|Any CPU
		{80EA0A36-42D5-4847-A020-BA768F1D296C}.Release|Any CPU.Build.0 = Release|Any CPU
		{36BBA341-8343-475E-8AE9-1087D13764CE}.Debug|Any CPU.ActiveCfg = Debug|Any CPU
		{36BBA341-8343-475E-8AE9-1087D13764CE}.Debug|Any CPU.Build.0 = Debug|Any CPU
		{36BBA341-8343-475E-8AE9-1087D13764CE}.Release|Any CPU.ActiveCfg = Release|Any CPU
		{36BBA341-8343-475E-8AE9-1087D13764CE}.Release|Any CPU.Build.0 = Release|Any CPU
	EndGlobalSection
	GlobalSection(SolutionProperties) = preSolution
		HideSolutionNode = FALSE
	EndGlobalSection
	GlobalSection(ExtensibilityGlobals) = postSolution
		SolutionGuid = {6A76E738-0344-4C67-BE28-262915F50347}
	EndGlobalSection
EndGlobal
